
Microsoft Visual Studio Solution File, Format Version 12.00
# Visual Studio 14
VisualStudioVersion = 14.0.25123.0
MinimumVisualStudioVersion = 10.0.40219.1
Project("{2150E333-8FDC-42A3-9474-1A3956D46DE8}") = "src", "src", "{248147BD-A5D4-4032-93B4-57D549B3D50E}"
EndProject
Project("{2150E333-8FDC-42A3-9474-1A3956D46DE8}") = "Solution Items", "Solution Items", "{E0CDF121-A5BA-4957-B9E6-D442995D53DC}"
	ProjectSection(SolutionItems) = preProject
		global.json = global.json
	EndProjectSection
EndProject
Project("{8BB2217D-0F2D-49D1-97BC-3654ED321F3B}") = "Saturn", "src\Saturn\Saturn.xproj", "{3FA6BD7D-F428-4CE3-8600-8F068DED0FCD}"
EndProject
Project("{2150E333-8FDC-42A3-9474-1A3956D46DE8}") = "ResourceAccess", "ResourceAccess", "{5911214A-DB7B-4DF3-B109-ECB4DC186C88}"
EndProject
Project("{8BB2217D-0F2D-49D1-97BC-3654ED321F3B}") = "Saturn.Data", "Saturn.Data\Saturn.Data.xproj", "{8C04859B-8877-42DC-B471-7943676884EA}"
EndProject
Project("{2150E333-8FDC-42A3-9474-1A3956D46DE8}") = "Business", "Business", "{2AEDE9A6-B51E-43AB-B055-5946EC2ADD6C}"
EndProject
Project("{8BB2217D-0F2D-49D1-97BC-3654ED321F3B}") = "Saturn.Entities", "Saturn.Entities\Saturn.Entities.xproj", "{2FEBD060-7AA0-417C-BA59-E3EC87B86307}"
EndProject
Project("{2150E333-8FDC-42A3-9474-1A3956D46DE8}") = "Entities", "Entities", "{F7F5755A-8829-4689-8BAB-05802F3F738C}"
EndProject
Global
	GlobalSection(SolutionConfigurationPlatforms) = preSolution
		Debug|Any CPU = Debug|Any CPU
		Release|Any CPU = Release|Any CPU
	EndGlobalSection
	GlobalSection(ProjectConfigurationPlatforms) = postSolution
		{3FA6BD7D-F428-4CE3-8600-8F068DED0FCD}.Debug|Any CPU.ActiveCfg = Debug|Any CPU
		{3FA6BD7D-F428-4CE3-8600-8F068DED0FCD}.Debug|Any CPU.Build.0 = Debug|Any CPU
		{3FA6BD7D-F428-4CE3-8600-8F068DED0FCD}.Release|Any CPU.ActiveCfg = Release|Any CPU
		{3FA6BD7D-F428-4CE3-8600-8F068DED0FCD}.Release|Any CPU.Build.0 = Release|Any CPU
		{8C04859B-8877-42DC-B471-7943676884EA}.Debug|Any CPU.ActiveCfg = Debug|Any CPU
		{8C04859B-8877-42DC-B471-7943676884EA}.Debug|Any CPU.Build.0 = Debug|Any CPU
		{8C04859B-8877-42DC-B471-7943676884EA}.Release|Any CPU.ActiveCfg = Release|Any CPU
		{8C04859B-8877-42DC-B471-7943676884EA}.Release|Any CPU.Build.0 = Release|Any CPU
		{2FEBD060-7AA0-417C-BA59-E3EC87B86307}.Debug|Any CPU.ActiveCfg = Debug|Any CPU
		{2FEBD060-7AA0-417C-BA59-E3EC87B86307}.Debug|Any CPU.Build.0 = Debug|Any CPU
		{2FEBD060-7AA0-417C-BA59-E3EC87B86307}.Release|Any CPU.ActiveCfg = Release|Any CPU
		{2FEBD060-7AA0-417C-BA59-E3EC87B86307}.Release|Any CPU.Build.0 = Release|Any CPU
	EndGlobalSection
	GlobalSection(SolutionProperties) = preSolution
		HideSolutionNode = FALSE
	EndGlobalSection
	GlobalSection(NestedProjects) = preSolution
		{3FA6BD7D-F428-4CE3-8600-8F068DED0FCD} = {248147BD-A5D4-4032-93B4-57D549B3D50E}
		{5911214A-DB7B-4DF3-B109-ECB4DC186C88} = {248147BD-A5D4-4032-93B4-57D549B3D50E}
		{8C04859B-8877-42DC-B471-7943676884EA} = {5911214A-DB7B-4DF3-B109-ECB4DC186C88}
		{2AEDE9A6-B51E-43AB-B055-5946EC2ADD6C} = {248147BD-A5D4-4032-93B4-57D549B3D50E}
		{2FEBD060-7AA0-417C-BA59-E3EC87B86307} = {F7F5755A-8829-4689-8BAB-05802F3F738C}
		{F7F5755A-8829-4689-8BAB-05802F3F738C} = {248147BD-A5D4-4032-93B4-57D549B3D50E}
	EndGlobalSection
EndGlobal
